
Microsoft Visual Studio Solution File, Format Version 12.00
# Visual Studio Version 16
VisualStudioVersion = 16.0.30611.23
MinimumVisualStudioVersion = 10.0.40219.1
Project("{FAE04EC0-301F-11D3-BF4B-00C04F79EFBC}") = "FFmpeg Utilizer", "FFmpeg Utilizer\FFmpeg Utilizer.csproj", "{43EBEACB-9AF9-4AB2-A39B-99BB733AC2CA}"
EndProject
Project("{54435603-DBB4-11D2-8724-00A0C9A8B90C}") = "FFmpeg Utilizer Installer", "FFmpeg Utilizer Installer\FFmpeg Utilizer Installer.vdproj", "{05DAF54B-86EC-48C1-A727-24794B22A25A}"
EndProject
Global
	GlobalSection(SolutionConfigurationPlatforms) = preSolution
		Debug|Any CPU = Debug|Any CPU
		Release|Any CPU = Release|Any CPU
	EndGlobalSection
	GlobalSection(ProjectConfigurationPlatforms) = postSolution
		{43EBEACB-9AF9-4AB2-A39B-99BB733AC2CA}.Debug|Any CPU.ActiveCfg = Debug|Any CPU
		{43EBEACB-9AF9-4AB2-A39B-99BB733AC2CA}.Debug|Any CPU.Build.0 = Debug|Any CPU
		{43EBEACB-9AF9-4AB2-A39B-99BB733AC2CA}.Release|Any CPU.ActiveCfg = Release|Any CPU
		{43EBEACB-9AF9-4AB2-A39B-99BB733AC2CA}.Release|Any CPU.Build.0 = Release|Any CPU
		{05DAF54B-86EC-48C1-A727-24794B22A25A}.Debug|Any CPU.ActiveCfg = Debug
		{05DAF54B-86EC-48C1-A727-24794B22A25A}.Release|Any CPU.ActiveCfg = Release
	EndGlobalSection
	GlobalSection(SolutionProperties) = preSolution
		HideSolutionNode = FALSE
	EndGlobalSection
	GlobalSection(ExtensibilityGlobals) = postSolution
		SolutionGuid = {46BF4B07-9654-4905-A3C4-EBB8568B7039}
	EndGlobalSection
EndGlobal
